
Microsoft Visual Studio Solution File, Format Version 12.00
# Visual Studio Version 16
VisualStudioVersion = 16.0.30011.22
MinimumVisualStudioVersion = 10.0.40219.1
Project("{9A19103F-16F7-4668-BE54-9A1E7A4F7556}") = "Ch03Ex01", "Ch03Ex01\Ch03Ex01.csproj", "{2275B10C-68F6-4226-84F5-F62A8AC69FBA}"
EndProject
Project("{9A19103F-16F7-4668-BE54-9A1E7A4F7556}") = "Ch03Ex02", "Ch03Ex02\Ch03Ex02.csproj", "{005ACEC3-A7FB-42A4-B785-F97A13571237}"
EndProject
Project("{9A19103F-16F7-4668-BE54-9A1E7A4F7556}") = "Exer3.4", "Exer3.4\Exer3.4.csproj", "{3E2DA352-F490-4CF8-B431-74D219DDCAFA}"
EndProject
Project("{9A19103F-16F7-4668-BE54-9A1E7A4F7556}") = "Exer3.5", "Exer3.5\Exer3.5.csproj", "{0C2CC325-62DD-4FDA-A011-DFE85D0120F0}"
EndProject
Project("{9A19103F-16F7-4668-BE54-9A1E7A4F7556}") = "Ch04Ex01", "Ch04Ex01\Ch04Ex01.csproj", "{4B617B7A-49D2-42DA-8E66-D9DACCCDAEF7}"
EndProject
Project("{9A19103F-16F7-4668-BE54-9A1E7A4F7556}") = "Ch04Ex02", "Ch04Ex02\Ch04Ex02.csproj", "{B3C6C377-57F6-4F0A-9319-52C9529C6203}"
EndProject
Project("{9A19103F-16F7-4668-BE54-9A1E7A4F7556}") = "Ch04Ex03", "Ch04Ex03\Ch04Ex03.csproj", "{BD003EAF-D46C-4380-90D7-0489F16E0EAB}"
EndProject
Project("{9A19103F-16F7-4668-BE54-9A1E7A4F7556}") = "Ch04Ex04", "Ch04Ex04\Ch04Ex04.csproj", "{0FAEA8BE-E3C7-4B6F-88A9-108933C50677}"
EndProject
Project("{9A19103F-16F7-4668-BE54-9A1E7A4F7556}") = "Ch04Ex05", "Ch04Ex05\Ch04Ex05.csproj", "{86C23BF8-514B-4DF7-A3EA-1B4A56A96294}"
EndProject
Project("{9A19103F-16F7-4668-BE54-9A1E7A4F7556}") = "Exer4.1", "Exer4.1\Exer4.1.csproj", "{91C4D60F-95B0-4F07-92FC-BC0ABD28CEA0}"
EndProject
Project("{9A19103F-16F7-4668-BE54-9A1E7A4F7556}") = "Exer4.2", "Exer4.2\Exer4.2.csproj", "{7C32B3D5-3C94-4565-98F8-960E3B3C48BD}"
EndProject
Project("{9A19103F-16F7-4668-BE54-9A1E7A4F7556}") = "Ch05Ex01", "Ch05Ex01\Ch05Ex01.csproj", "{BF35B4D2-0B6A-4C16-AC8F-99E28E6C3EA8}"
EndProject
Project("{9A19103F-16F7-4668-BE54-9A1E7A4F7556}") = "Ch05Ex02", "Ch05Ex02\Ch05Ex02.csproj", "{9C8065EE-23EE-4D29-862B-2FC4CE5E9DF9}"
EndProject
Project("{9A19103F-16F7-4668-BE54-9A1E7A4F7556}") = "Ch05Ex03", "Ch05Ex03\Ch05Ex03.csproj", "{07441898-4399-4710-83E1-12C096797E5B}"
EndProject
Project("{9A19103F-16F7-4668-BE54-9A1E7A4F7556}") = "Ch05Ex04", "Ch05Ex04\Ch05Ex04.csproj", "{6313925A-9989-4BB8-AFC4-BAC1283F7DCE}"
EndProject
Project("{9A19103F-16F7-4668-BE54-9A1E7A4F7556}") = "Ch05Ex05", "Ch05Ex05\Ch05Ex05.csproj", "{399272CF-3913-47BC-BB76-F7558161AD9B}"
EndProject
Project("{9A19103F-16F7-4668-BE54-9A1E7A4F7556}") = "Ch05Ex06", "Ch05Ex06\Ch05Ex06.csproj", "{8085B880-B79B-4EE1-9E45-028BF2799BF5}"
EndProject
Project("{9A19103F-16F7-4668-BE54-9A1E7A4F7556}") = "Exer5.4", "Exer5.4\Exer5.4.csproj", "{86825BF8-4FE1-49C9-A3E8-B8368CA6DF00}"
EndProject
Project("{9A19103F-16F7-4668-BE54-9A1E7A4F7556}") = "Exer5.5", "Exer5.5\Exer5.5.csproj", "{147B26A7-797B-438D-94FE-1073B90C10BA}"
EndProject
Project("{9A19103F-16F7-4668-BE54-9A1E7A4F7556}") = "Exer5.6", "Exer5.6\Exer5.6.csproj", "{50030940-F6D6-40C9-B229-C6D9A76A519A}"
EndProject
Project("{9A19103F-16F7-4668-BE54-9A1E7A4F7556}") = "Ch06Ex01", "Ch06Ex01\Ch06Ex01.csproj", "{AF4ED325-9839-490B-A116-07D82988F8DA}"
EndProject
Project("{9A19103F-16F7-4668-BE54-9A1E7A4F7556}") = "Ch06Ex02", "Ch06Ex02\Ch06Ex02.csproj", "{0063F81E-0F28-4CED-9CC6-6532F7569293}"
EndProject
Project("{9A19103F-16F7-4668-BE54-9A1E7A4F7556}") = "Ch06Ex03", "Ch06Ex03\Ch06Ex03.csproj", "{A4177F65-6A48-4FF1-9C0C-8496084F82CA}"
EndProject
Project("{9A19103F-16F7-4668-BE54-9A1E7A4F7556}") = "Ch06Ex04", "Ch06Ex04\Ch06Ex04.csproj", "{4F0F1BED-8E97-4BE7-8339-40F87D2F90D3}"
EndProject
Project("{9A19103F-16F7-4668-BE54-9A1E7A4F7556}") = "Ch06Ex05", "Ch06Ex05\Ch06Ex05.csproj", "{72B44F54-F332-4077-903C-A7AC2EE6F693}"
EndProject
Project("{9A19103F-16F7-4668-BE54-9A1E7A4F7556}") = "Exer6.2", "Exer6.2\Exer6.2.csproj", "{3EFA0E4B-B8A9-4421-B719-0C50424EC6F4}"
EndProject
Project("{9A19103F-16F7-4668-BE54-9A1E7A4F7556}") = "Exer6.3", "Exer6.3\Exer6.3.csproj", "{D5D948AB-80BF-47A8-80AE-CCF5069E2D6F}"
EndProject
Project("{9A19103F-16F7-4668-BE54-9A1E7A4F7556}") = "Exer6.5", "Exer6.5\Exer6.5.csproj", "{151339C5-2E1F-4807-B2E2-B6130FA3048E}"
EndProject
Project("{9A19103F-16F7-4668-BE54-9A1E7A4F7556}") = "Ch07Ex01", "Ch07Ex01\Ch07Ex01.csproj", "{6282DECF-091D-4293-9859-75EBBF1544AF}"
EndProject
Project("{9A19103F-16F7-4668-BE54-9A1E7A4F7556}") = "Ch07Ex02", "Ch07Ex02\Ch07Ex02.csproj", "{F742ED62-4774-4F2A-9974-B7CCA228123F}"
EndProject
Project("{9A19103F-16F7-4668-BE54-9A1E7A4F7556}") = "Exer7.2", "Exer7.2\Exer7.2.csproj", "{DC5EFC8F-F3EA-4821-82ED-C2EB6CB9E4BA}"
EndProject
Project("{9A19103F-16F7-4668-BE54-9A1E7A4F7556}") = "Exer7.4", "Exer7.4\Exer7.4.csproj", "{A3ECFD88-B301-4C88-ADBF-D128089BEAAC}"
EndProject
Project("{FAE04EC0-301F-11D3-BF4B-00C04F79EFBC}") = "Ch08Ex01", "Ch08Ex01\Ch08Ex01.csproj", "{375498E6-7222-45A8-901C-E0401F368B77}"
EndProject
Project("{9A19103F-16F7-4668-BE54-9A1E7A4F7556}") = "Exer8.5", "Exer8.5\Exer8.5.csproj", "{9779FA0D-8128-414D-8601-940A12D42EB5}"
EndProject
Project("{9A19103F-16F7-4668-BE54-9A1E7A4F7556}") = "Ch09Ex01", "Ch09Ex01\Ch09Ex01.csproj", "{97894755-9996-44D9-A355-72A898B5A607}"
EndProject
Project("{9A19103F-16F7-4668-BE54-9A1E7A4F7556}") = "Ch09ClassLib", "Ch09ClassLib\Ch09ClassLib.csproj", "{770FADE8-000F-4113-AFBF-E6F86EC67096}"
EndProject
Project("{9A19103F-16F7-4668-BE54-9A1E7A4F7556}") = "Ch09Ex02", "Ch09Ex02\Ch09Ex02.csproj", "{73D5DA40-32F9-40EF-A529-12325B179917}"
EndProject
Project("{9A19103F-16F7-4668-BE54-9A1E7A4F7556}") = "Ch09Ex03", "Ch09Ex03\Ch09Ex03.csproj", "{20152B82-C890-4E8A-AC5E-5E19487982CB}"
EndProject
Project("{9A19103F-16F7-4668-BE54-9A1E7A4F7556}") = "Exer9.4 Vehicles", "Exer9.4 Vehicles\Exer9.4 Vehicles.csproj", "{D9267D4B-1814-4E74-B397-754B7F419979}"
EndProject
Project("{9A19103F-16F7-4668-BE54-9A1E7A4F7556}") = "Exer9.5 Traffc", "Exer9.5 Traffc\Exer9.5 Traffc.csproj", "{A38BAC39-C0A6-46FB-AFFF-5F3752D7E7EF}"
EndProject
Project("{9A19103F-16F7-4668-BE54-9A1E7A4F7556}") = "Ch10Ex01", "Ch10Ex01\Ch10Ex01.csproj", "{B6BD4432-D613-42F1-8B68-190818A27ABC}"
EndProject
Project("{9A19103F-16F7-4668-BE54-9A1E7A4F7556}") = "Ch10Ex02", "Ch10Ex02\Ch10Ex02.csproj", "{2EB9515A-B06F-4FC3-8E1B-1919E750B7BA}"
EndProject
Project("{9A19103F-16F7-4668-BE54-9A1E7A4F7556}") = "Ch10CardLib", "Ch10CardLib\Ch10CardLib.csproj", "{6DD27546-A457-4621-9D27-8E283638141D}"
EndProject
Project("{9A19103F-16F7-4668-BE54-9A1E7A4F7556}") = "Ch10CardClient", "Ch10CardClient\Ch10CardClient.csproj", "{CFD19B46-5AB0-4D11-B602-733B72F7173A}"
EndProject
Project("{9A19103F-16F7-4668-BE54-9A1E7A4F7556}") = "Exer10.1", "Exer10.1\Exer10.1.csproj", "{273A0A78-0C04-4E52-ADDE-46E5CEFB0FE7}"
EndProject
Project("{9A19103F-16F7-4668-BE54-9A1E7A4F7556}") = "Exer10.2", "Exer10.2\Exer10.2.csproj", "{AAED45FF-1FEE-427A-8143-B40E00AB9FBB}"
EndProject
Project("{9A19103F-16F7-4668-BE54-9A1E7A4F7556}") = "Exer10.5", "Exer10.5\Exer10.5.csproj", "{E0C0AE2F-B4CD-4516-B3D2-A44D59A4174F}"
EndProject
Project("{9A19103F-16F7-4668-BE54-9A1E7A4F7556}") = "Ch11Ex01", "Ch11Ex01\Ch11Ex01.csproj", "{079A69E9-D76D-400E-A9C9-7BE6A476AD71}"
EndProject
Project("{9A19103F-16F7-4668-BE54-9A1E7A4F7556}") = "Ch11Ex02", "Ch11Ex02\Ch11Ex02.csproj", "{5BA6908D-017A-4BB2-BD86-20A7277F39DA}"
EndProject
Project("{9A19103F-16F7-4668-BE54-9A1E7A4F7556}") = "Ch11CardLib", "Ch11CardLib\Ch11CardLib.csproj", "{2D6F034F-ED32-446E-A8F7-8201BA73F32B}"
EndProject
Project("{9A19103F-16F7-4668-BE54-9A1E7A4F7556}") = "Ch11Ex03", "Ch11Ex03\Ch11Ex03.csproj", "{DF63576C-6802-4350-8839-84743F16EE05}"
EndProject
Project("{9A19103F-16F7-4668-BE54-9A1E7A4F7556}") = "Ch11Ex03b AnimalDict", "Ch11Ex03b AnimalDict\Ch11Ex03b AnimalDict.csproj", "{2B943C50-FE80-4238-AD40-6A1179C15C92}"
EndProject
Project("{9A19103F-16F7-4668-BE54-9A1E7A4F7556}") = "Ch11CardClient", "Ch11CardClient\Ch11CardClient.csproj", "{D7B49D0E-34A3-40FF-B41B-BB3F99918B5B}"
EndProject
Project("{9A19103F-16F7-4668-BE54-9A1E7A4F7556}") = "Ch11Ex04", "Ch11Ex04\Ch11Ex04.csproj", "{B5B767A4-C036-43BD-96FF-E96D0AFA2D88}"
EndProject
Project("{9A19103F-16F7-4668-BE54-9A1E7A4F7556}") = "Ch11Ex05", "Ch11Ex05\Ch11Ex05.csproj", "{EAF17B24-0FEA-4B61-9F64-F983018CA601}"
EndProject
Project("{FAE04EC0-301F-11D3-BF4B-00C04F79EFBC}") = "Exer11.1", "Exer11.1\Exer11.1.csproj", "{1ADB6F44-426E-499D-9CAA-DDAD2DC0CAC6}"
EndProject
Global
	GlobalSection(SolutionConfigurationPlatforms) = preSolution
		Debug|Any CPU = Debug|Any CPU
		Release|Any CPU = Release|Any CPU
	EndGlobalSection
	GlobalSection(ProjectConfigurationPlatforms) = postSolution
		{2275B10C-68F6-4226-84F5-F62A8AC69FBA}.Debug|Any CPU.ActiveCfg = Debug|Any CPU
		{2275B10C-68F6-4226-84F5-F62A8AC69FBA}.Debug|Any CPU.Build.0 = Debug|Any CPU
		{2275B10C-68F6-4226-84F5-F62A8AC69FBA}.Release|Any CPU.ActiveCfg = Release|Any CPU
		{2275B10C-68F6-4226-84F5-F62A8AC69FBA}.Release|Any CPU.Build.0 = Release|Any CPU
		{005ACEC3-A7FB-42A4-B785-F97A13571237}.Debug|Any CPU.ActiveCfg = Debug|Any CPU
		{005ACEC3-A7FB-42A4-B785-F97A13571237}.Debug|Any CPU.Build.0 = Debug|Any CPU
		{005ACEC3-A7FB-42A4-B785-F97A13571237}.Release|Any CPU.ActiveCfg = Release|Any CPU
		{005ACEC3-A7FB-42A4-B785-F97A13571237}.Release|Any CPU.Build.0 = Release|Any CPU
		{3E2DA352-F490-4CF8-B431-74D219DDCAFA}.Debug|Any CPU.ActiveCfg = Debug|Any CPU
		{3E2DA352-F490-4CF8-B431-74D219DDCAFA}.Debug|Any CPU.Build.0 = Debug|Any CPU
		{3E2DA352-F490-4CF8-B431-74D219DDCAFA}.Release|Any CPU.ActiveCfg = Release|Any CPU
		{3E2DA352-F490-4CF8-B431-74D219DDCAFA}.Release|Any CPU.Build.0 = Release|Any CPU
		{0C2CC325-62DD-4FDA-A011-DFE85D0120F0}.Debug|Any CPU.ActiveCfg = Debug|Any CPU
		{0C2CC325-62DD-4FDA-A011-DFE85D0120F0}.Debug|Any CPU.Build.0 = Debug|Any CPU
		{0C2CC325-62DD-4FDA-A011-DFE85D0120F0}.Release|Any CPU.ActiveCfg = Release|Any CPU
		{0C2CC325-62DD-4FDA-A011-DFE85D0120F0}.Release|Any CPU.Build.0 = Release|Any CPU
		{4B617B7A-49D2-42DA-8E66-D9DACCCDAEF7}.Debug|Any CPU.ActiveCfg = Debug|Any CPU
		{4B617B7A-49D2-42DA-8E66-D9DACCCDAEF7}.Debug|Any CPU.Build.0 = Debug|Any CPU
		{4B617B7A-49D2-42DA-8E66-D9DACCCDAEF7}.Release|Any CPU.ActiveCfg = Release|Any CPU
		{4B617B7A-49D2-42DA-8E66-D9DACCCDAEF7}.Release|Any CPU.Build.0 = Release|Any CPU
		{B3C6C377-57F6-4F0A-9319-52C9529C6203}.Debug|Any CPU.ActiveCfg = Debug|Any CPU
		{B3C6C377-57F6-4F0A-9319-52C9529C6203}.Debug|Any CPU.Build.0 = Debug|Any CPU
		{B3C6C377-57F6-4F0A-9319-52C9529C6203}.Release|Any CPU.ActiveCfg = Release|Any CPU
		{B3C6C377-57F6-4F0A-9319-52C9529C6203}.Release|Any CPU.Build.0 = Release|Any CPU
		{BD003EAF-D46C-4380-90D7-0489F16E0EAB}.Debug|Any CPU.ActiveCfg = Debug|Any CPU
		{BD003EAF-D46C-4380-90D7-0489F16E0EAB}.Debug|Any CPU.Build.0 = Debug|Any CPU
		{BD003EAF-D46C-4380-90D7-0489F16E0EAB}.Release|Any CPU.ActiveCfg = Release|Any CPU
		{BD003EAF-D46C-4380-90D7-0489F16E0EAB}.Release|Any CPU.Build.0 = Release|Any CPU
		{0FAEA8BE-E3C7-4B6F-88A9-108933C50677}.Debug|Any CPU.ActiveCfg = Debug|Any CPU
		{0FAEA8BE-E3C7-4B6F-88A9-108933C50677}.Debug|Any CPU.Build.0 = Debug|Any CPU
		{0FAEA8BE-E3C7-4B6F-88A9-108933C50677}.Release|Any CPU.ActiveCfg = Release|Any CPU
		{0FAEA8BE-E3C7-4B6F-88A9-108933C50677}.Release|Any CPU.Build.0 = Release|Any CPU
		{86C23BF8-514B-4DF7-A3EA-1B4A56A96294}.Debug|Any CPU.ActiveCfg = Debug|Any CPU
		{86C23BF8-514B-4DF7-A3EA-1B4A56A96294}.Debug|Any CPU.Build.0 = Debug|Any CPU
		{86C23BF8-514B-4DF7-A3EA-1B4A56A96294}.Release|Any CPU.ActiveCfg = Release|Any CPU
		{86C23BF8-514B-4DF7-A3EA-1B4A56A96294}.Release|Any CPU.Build.0 = Release|Any CPU
		{91C4D60F-95B0-4F07-92FC-BC0ABD28CEA0}.Debug|Any CPU.ActiveCfg = Debug|Any CPU
		{91C4D60F-95B0-4F07-92FC-BC0ABD28CEA0}.Debug|Any CPU.Build.0 = Debug|Any CPU
		{91C4D60F-95B0-4F07-92FC-BC0ABD28CEA0}.Release|Any CPU.ActiveCfg = Release|Any CPU
		{91C4D60F-95B0-4F07-92FC-BC0ABD28CEA0}.Release|Any CPU.Build.0 = Release|Any CPU
		{7C32B3D5-3C94-4565-98F8-960E3B3C48BD}.Debug|Any CPU.ActiveCfg = Debug|Any CPU
		{7C32B3D5-3C94-4565-98F8-960E3B3C48BD}.Debug|Any CPU.Build.0 = Debug|Any CPU
		{7C32B3D5-3C94-4565-98F8-960E3B3C48BD}.Release|Any CPU.ActiveCfg = Release|Any CPU
		{7C32B3D5-3C94-4565-98F8-960E3B3C48BD}.Release|Any CPU.Build.0 = Release|Any CPU
		{BF35B4D2-0B6A-4C16-AC8F-99E28E6C3EA8}.Debug|Any CPU.ActiveCfg = Debug|Any CPU
		{BF35B4D2-0B6A-4C16-AC8F-99E28E6C3EA8}.Debug|Any CPU.Build.0 = Debug|Any CPU
		{BF35B4D2-0B6A-4C16-AC8F-99E28E6C3EA8}.Release|Any CPU.ActiveCfg = Release|Any CPU
		{BF35B4D2-0B6A-4C16-AC8F-99E28E6C3EA8}.Release|Any CPU.Build.0 = Release|Any CPU
		{9C8065EE-23EE-4D29-862B-2FC4CE5E9DF9}.Debug|Any CPU.ActiveCfg = Debug|Any CPU
		{9C8065EE-23EE-4D29-862B-2FC4CE5E9DF9}.Debug|Any CPU.Build.0 = Debug|Any CPU
		{9C8065EE-23EE-4D29-862B-2FC4CE5E9DF9}.Release|Any CPU.ActiveCfg = Release|Any CPU
		{9C8065EE-23EE-4D29-862B-2FC4CE5E9DF9}.Release|Any CPU.Build.0 = Release|Any CPU
		{07441898-4399-4710-83E1-12C096797E5B}.Debug|Any CPU.ActiveCfg = Debug|Any CPU
		{07441898-4399-4710-83E1-12C096797E5B}.Debug|Any CPU.Build.0 = Debug|Any CPU
		{07441898-4399-4710-83E1-12C096797E5B}.Release|Any CPU.ActiveCfg = Release|Any CPU
		{07441898-4399-4710-83E1-12C096797E5B}.Release|Any CPU.Build.0 = Release|Any CPU
		{6313925A-9989-4BB8-AFC4-BAC1283F7DCE}.Debug|Any CPU.ActiveCfg = Debug|Any CPU
		{6313925A-9989-4BB8-AFC4-BAC1283F7DCE}.Debug|Any CPU.Build.0 = Debug|Any CPU
		{6313925A-9989-4BB8-AFC4-BAC1283F7DCE}.Release|Any CPU.ActiveCfg = Release|Any CPU
		{6313925A-9989-4BB8-AFC4-BAC1283F7DCE}.Release|Any CPU.Build.0 = Release|Any CPU
		{399272CF-3913-47BC-BB76-F7558161AD9B}.Debug|Any CPU.ActiveCfg = Debug|Any CPU
		{399272CF-3913-47BC-BB76-F7558161AD9B}.Debug|Any CPU.Build.0 = Debug|Any CPU
		{399272CF-3913-47BC-BB76-F7558161AD9B}.Release|Any CPU.ActiveCfg = Release|Any CPU
		{399272CF-3913-47BC-BB76-F7558161AD9B}.Release|Any CPU.Build.0 = Release|Any CPU
		{8085B880-B79B-4EE1-9E45-028BF2799BF5}.Debug|Any CPU.ActiveCfg = Debug|Any CPU
		{8085B880-B79B-4EE1-9E45-028BF2799BF5}.Debug|Any CPU.Build.0 = Debug|Any CPU
		{8085B880-B79B-4EE1-9E45-028BF2799BF5}.Release|Any CPU.ActiveCfg = Release|Any CPU
		{8085B880-B79B-4EE1-9E45-028BF2799BF5}.Release|Any CPU.Build.0 = Release|Any CPU
		{86825BF8-4FE1-49C9-A3E8-B8368CA6DF00}.Debug|Any CPU.ActiveCfg = Debug|Any CPU
		{86825BF8-4FE1-49C9-A3E8-B8368CA6DF00}.Debug|Any CPU.Build.0 = Debug|Any CPU
		{86825BF8-4FE1-49C9-A3E8-B8368CA6DF00}.Release|Any CPU.ActiveCfg = Release|Any CPU
		{86825BF8-4FE1-49C9-A3E8-B8368CA6DF00}.Release|Any CPU.Build.0 = Release|Any CPU
		{147B26A7-797B-438D-94FE-1073B90C10BA}.Debug|Any CPU.ActiveCfg = Debug|Any CPU
		{147B26A7-797B-438D-94FE-1073B90C10BA}.Debug|Any CPU.Build.0 = Debug|Any CPU
		{147B26A7-797B-438D-94FE-1073B90C10BA}.Release|Any CPU.ActiveCfg = Release|Any CPU
		{147B26A7-797B-438D-94FE-1073B90C10BA}.Release|Any CPU.Build.0 = Release|Any CPU
		{50030940-F6D6-40C9-B229-C6D9A76A519A}.Debug|Any CPU.ActiveCfg = Debug|Any CPU
		{50030940-F6D6-40C9-B229-C6D9A76A519A}.Debug|Any CPU.Build.0 = Debug|Any CPU
		{50030940-F6D6-40C9-B229-C6D9A76A519A}.Release|Any CPU.ActiveCfg = Release|Any CPU
		{50030940-F6D6-40C9-B229-C6D9A76A519A}.Release|Any CPU.Build.0 = Release|Any CPU
		{AF4ED325-9839-490B-A116-07D82988F8DA}.Debug|Any CPU.ActiveCfg = Debug|Any CPU
		{AF4ED325-9839-490B-A116-07D82988F8DA}.Debug|Any CPU.Build.0 = Debug|Any CPU
		{AF4ED325-9839-490B-A116-07D82988F8DA}.Release|Any CPU.ActiveCfg = Release|Any CPU
		{AF4ED325-9839-490B-A116-07D82988F8DA}.Release|Any CPU.Build.0 = Release|Any CPU
		{0063F81E-0F28-4CED-9CC6-6532F7569293}.Debug|Any CPU.ActiveCfg = Debug|Any CPU
		{0063F81E-0F28-4CED-9CC6-6532F7569293}.Debug|Any CPU.Build.0 = Debug|Any CPU
		{0063F81E-0F28-4CED-9CC6-6532F7569293}.Release|Any CPU.ActiveCfg = Release|Any CPU
		{0063F81E-0F28-4CED-9CC6-6532F7569293}.Release|Any CPU.Build.0 = Release|Any CPU
		{A4177F65-6A48-4FF1-9C0C-8496084F82CA}.Debug|Any CPU.ActiveCfg = Debug|Any CPU
		{A4177F65-6A48-4FF1-9C0C-8496084F82CA}.Debug|Any CPU.Build.0 = Debug|Any CPU
		{A4177F65-6A48-4FF1-9C0C-8496084F82CA}.Release|Any CPU.ActiveCfg = Release|Any CPU
		{A4177F65-6A48-4FF1-9C0C-8496084F82CA}.Release|Any CPU.Build.0 = Release|Any CPU
		{4F0F1BED-8E97-4BE7-8339-40F87D2F90D3}.Debug|Any CPU.ActiveCfg = Debug|Any CPU
		{4F0F1BED-8E97-4BE7-8339-40F87D2F90D3}.Debug|Any CPU.Build.0 = Debug|Any CPU
		{4F0F1BED-8E97-4BE7-8339-40F87D2F90D3}.Release|Any CPU.ActiveCfg = Release|Any CPU
		{4F0F1BED-8E97-4BE7-8339-40F87D2F90D3}.Release|Any CPU.Build.0 = Release|Any CPU
		{72B44F54-F332-4077-903C-A7AC2EE6F693}.Debug|Any CPU.ActiveCfg = Debug|Any CPU
		{72B44F54-F332-4077-903C-A7AC2EE6F693}.Debug|Any CPU.Build.0 = Debug|Any CPU
		{72B44F54-F332-4077-903C-A7AC2EE6F693}.Release|Any CPU.ActiveCfg = Release|Any CPU
		{72B44F54-F332-4077-903C-A7AC2EE6F693}.Release|Any CPU.Build.0 = Release|Any CPU
		{3EFA0E4B-B8A9-4421-B719-0C50424EC6F4}.Debug|Any CPU.ActiveCfg = Debug|Any CPU
		{3EFA0E4B-B8A9-4421-B719-0C50424EC6F4}.Debug|Any CPU.Build.0 = Debug|Any CPU
		{3EFA0E4B-B8A9-4421-B719-0C50424EC6F4}.Release|Any CPU.ActiveCfg = Release|Any CPU
		{3EFA0E4B-B8A9-4421-B719-0C50424EC6F4}.Release|Any CPU.Build.0 = Release|Any CPU
		{D5D948AB-80BF-47A8-80AE-CCF5069E2D6F}.Debug|Any CPU.ActiveCfg = Debug|Any CPU
		{D5D948AB-80BF-47A8-80AE-CCF5069E2D6F}.Debug|Any CPU.Build.0 = Debug|Any CPU
		{D5D948AB-80BF-47A8-80AE-CCF5069E2D6F}.Release|Any CPU.ActiveCfg = Release|Any CPU
		{D5D948AB-80BF-47A8-80AE-CCF5069E2D6F}.Release|Any CPU.Build.0 = Release|Any CPU
		{151339C5-2E1F-4807-B2E2-B6130FA3048E}.Debug|Any CPU.ActiveCfg = Debug|Any CPU
		{151339C5-2E1F-4807-B2E2-B6130FA3048E}.Debug|Any CPU.Build.0 = Debug|Any CPU
		{151339C5-2E1F-4807-B2E2-B6130FA3048E}.Release|Any CPU.ActiveCfg = Release|Any CPU
		{151339C5-2E1F-4807-B2E2-B6130FA3048E}.Release|Any CPU.Build.0 = Release|Any CPU
		{6282DECF-091D-4293-9859-75EBBF1544AF}.Debug|Any CPU.ActiveCfg = Debug|Any CPU
		{6282DECF-091D-4293-9859-75EBBF1544AF}.Debug|Any CPU.Build.0 = Debug|Any CPU
		{6282DECF-091D-4293-9859-75EBBF1544AF}.Release|Any CPU.ActiveCfg = Release|Any CPU
		{6282DECF-091D-4293-9859-75EBBF1544AF}.Release|Any CPU.Build.0 = Release|Any CPU
		{F742ED62-4774-4F2A-9974-B7CCA228123F}.Debug|Any CPU.ActiveCfg = Debug|Any CPU
		{F742ED62-4774-4F2A-9974-B7CCA228123F}.Debug|Any CPU.Build.0 = Debug|Any CPU
		{F742ED62-4774-4F2A-9974-B7CCA228123F}.Release|Any CPU.ActiveCfg = Release|Any CPU
		{F742ED62-4774-4F2A-9974-B7CCA228123F}.Release|Any CPU.Build.0 = Release|Any CPU
		{DC5EFC8F-F3EA-4821-82ED-C2EB6CB9E4BA}.Debug|Any CPU.ActiveCfg = Debug|Any CPU
		{DC5EFC8F-F3EA-4821-82ED-C2EB6CB9E4BA}.Debug|Any CPU.Build.0 = Debug|Any CPU
		{DC5EFC8F-F3EA-4821-82ED-C2EB6CB9E4BA}.Release|Any CPU.ActiveCfg = Release|Any CPU
		{DC5EFC8F-F3EA-4821-82ED-C2EB6CB9E4BA}.Release|Any CPU.Build.0 = Release|Any CPU
		{A3ECFD88-B301-4C88-ADBF-D128089BEAAC}.Debug|Any CPU.ActiveCfg = Debug|Any CPU
		{A3ECFD88-B301-4C88-ADBF-D128089BEAAC}.Debug|Any CPU.Build.0 = Debug|Any CPU
		{A3ECFD88-B301-4C88-ADBF-D128089BEAAC}.Release|Any CPU.ActiveCfg = Release|Any CPU
		{A3ECFD88-B301-4C88-ADBF-D128089BEAAC}.Release|Any CPU.Build.0 = Release|Any CPU
		{375498E6-7222-45A8-901C-E0401F368B77}.Debug|Any CPU.ActiveCfg = Debug|Any CPU
		{375498E6-7222-45A8-901C-E0401F368B77}.Debug|Any CPU.Build.0 = Debug|Any CPU
		{375498E6-7222-45A8-901C-E0401F368B77}.Release|Any CPU.ActiveCfg = Release|Any CPU
		{375498E6-7222-45A8-901C-E0401F368B77}.Release|Any CPU.Build.0 = Release|Any CPU
		{9779FA0D-8128-414D-8601-940A12D42EB5}.Debug|Any CPU.ActiveCfg = Debug|Any CPU
		{9779FA0D-8128-414D-8601-940A12D42EB5}.Debug|Any CPU.Build.0 = Debug|Any CPU
		{9779FA0D-8128-414D-8601-940A12D42EB5}.Release|Any CPU.ActiveCfg = Release|Any CPU
		{9779FA0D-8128-414D-8601-940A12D42EB5}.Release|Any CPU.Build.0 = Release|Any CPU
		{97894755-9996-44D9-A355-72A898B5A607}.Debug|Any CPU.ActiveCfg = Debug|Any CPU
		{97894755-9996-44D9-A355-72A898B5A607}.Debug|Any CPU.Build.0 = Debug|Any CPU
		{97894755-9996-44D9-A355-72A898B5A607}.Release|Any CPU.ActiveCfg = Release|Any CPU
		{97894755-9996-44D9-A355-72A898B5A607}.Release|Any CPU.Build.0 = Release|Any CPU
		{770FADE8-000F-4113-AFBF-E6F86EC67096}.Debug|Any CPU.ActiveCfg = Debug|Any CPU
		{770FADE8-000F-4113-AFBF-E6F86EC67096}.Debug|Any CPU.Build.0 = Debug|Any CPU
		{770FADE8-000F-4113-AFBF-E6F86EC67096}.Release|Any CPU.ActiveCfg = Release|Any CPU
		{770FADE8-000F-4113-AFBF-E6F86EC67096}.Release|Any CPU.Build.0 = Release|Any CPU
		{73D5DA40-32F9-40EF-A529-12325B179917}.Debug|Any CPU.ActiveCfg = Debug|Any CPU
		{73D5DA40-32F9-40EF-A529-12325B179917}.Debug|Any CPU.Build.0 = Debug|Any CPU
		{73D5DA40-32F9-40EF-A529-12325B179917}.Release|Any CPU.ActiveCfg = Release|Any CPU
		{73D5DA40-32F9-40EF-A529-12325B179917}.Release|Any CPU.Build.0 = Release|Any CPU
		{20152B82-C890-4E8A-AC5E-5E19487982CB}.Debug|Any CPU.ActiveCfg = Debug|Any CPU
		{20152B82-C890-4E8A-AC5E-5E19487982CB}.Debug|Any CPU.Build.0 = Debug|Any CPU
		{20152B82-C890-4E8A-AC5E-5E19487982CB}.Release|Any CPU.ActiveCfg = Release|Any CPU
		{20152B82-C890-4E8A-AC5E-5E19487982CB}.Release|Any CPU.Build.0 = Release|Any CPU
		{D9267D4B-1814-4E74-B397-754B7F419979}.Debug|Any CPU.ActiveCfg = Debug|Any CPU
		{D9267D4B-1814-4E74-B397-754B7F419979}.Debug|Any CPU.Build.0 = Debug|Any CPU
		{D9267D4B-1814-4E74-B397-754B7F419979}.Release|Any CPU.ActiveCfg = Release|Any CPU
		{D9267D4B-1814-4E74-B397-754B7F419979}.Release|Any CPU.Build.0 = Release|Any CPU
		{A38BAC39-C0A6-46FB-AFFF-5F3752D7E7EF}.Debug|Any CPU.ActiveCfg = Debug|Any CPU
		{A38BAC39-C0A6-46FB-AFFF-5F3752D7E7EF}.Debug|Any CPU.Build.0 = Debug|Any CPU
		{A38BAC39-C0A6-46FB-AFFF-5F3752D7E7EF}.Release|Any CPU.ActiveCfg = Release|Any CPU
		{A38BAC39-C0A6-46FB-AFFF-5F3752D7E7EF}.Release|Any CPU.Build.0 = Release|Any CPU
		{B6BD4432-D613-42F1-8B68-190818A27ABC}.Debug|Any CPU.ActiveCfg = Debug|Any CPU
		{B6BD4432-D613-42F1-8B68-190818A27ABC}.Debug|Any CPU.Build.0 = Debug|Any CPU
		{B6BD4432-D613-42F1-8B68-190818A27ABC}.Release|Any CPU.ActiveCfg = Release|Any CPU
		{B6BD4432-D613-42F1-8B68-190818A27ABC}.Release|Any CPU.Build.0 = Release|Any CPU
		{2EB9515A-B06F-4FC3-8E1B-1919E750B7BA}.Debug|Any CPU.ActiveCfg = Debug|Any CPU
		{2EB9515A-B06F-4FC3-8E1B-1919E750B7BA}.Debug|Any CPU.Build.0 = Debug|Any CPU
		{2EB9515A-B06F-4FC3-8E1B-1919E750B7BA}.Release|Any CPU.ActiveCfg = Release|Any CPU
		{2EB9515A-B06F-4FC3-8E1B-1919E750B7BA}.Release|Any CPU.Build.0 = Release|Any CPU
		{6DD27546-A457-4621-9D27-8E283638141D}.Debug|Any CPU.ActiveCfg = Debug|Any CPU
		{6DD27546-A457-4621-9D27-8E283638141D}.Debug|Any CPU.Build.0 = Debug|Any CPU
		{6DD27546-A457-4621-9D27-8E283638141D}.Release|Any CPU.ActiveCfg = Release|Any CPU
		{6DD27546-A457-4621-9D27-8E283638141D}.Release|Any CPU.Build.0 = Release|Any CPU
		{CFD19B46-5AB0-4D11-B602-733B72F7173A}.Debug|Any CPU.ActiveCfg = Debug|Any CPU
		{CFD19B46-5AB0-4D11-B602-733B72F7173A}.Debug|Any CPU.Build.0 = Debug|Any CPU
		{CFD19B46-5AB0-4D11-B602-733B72F7173A}.Release|Any CPU.ActiveCfg = Release|Any CPU
		{CFD19B46-5AB0-4D11-B602-733B72F7173A}.Release|Any CPU.Build.0 = Release|Any CPU
		{273A0A78-0C04-4E52-ADDE-46E5CEFB0FE7}.Debug|Any CPU.ActiveCfg = Debug|Any CPU
		{273A0A78-0C04-4E52-ADDE-46E5CEFB0FE7}.Debug|Any CPU.Build.0 = Debug|Any CPU
		{273A0A78-0C04-4E52-ADDE-46E5CEFB0FE7}.Release|Any CPU.ActiveCfg = Release|Any CPU
		{273A0A78-0C04-4E52-ADDE-46E5CEFB0FE7}.Release|Any CPU.Build.0 = Release|Any CPU
		{AAED45FF-1FEE-427A-8143-B40E00AB9FBB}.Debug|Any CPU.ActiveCfg = Debug|Any CPU
		{AAED45FF-1FEE-427A-8143-B40E00AB9FBB}.Debug|Any CPU.Build.0 = Debug|Any CPU
		{AAED45FF-1FEE-427A-8143-B40E00AB9FBB}.Release|Any CPU.ActiveCfg = Release|Any CPU
		{AAED45FF-1FEE-427A-8143-B40E00AB9FBB}.Release|Any CPU.Build.0 = Release|Any CPU
		{E0C0AE2F-B4CD-4516-B3D2-A44D59A4174F}.Debug|Any CPU.ActiveCfg = Debug|Any CPU
		{E0C0AE2F-B4CD-4516-B3D2-A44D59A4174F}.Debug|Any CPU.Build.0 = Debug|Any CPU
		{E0C0AE2F-B4CD-4516-B3D2-A44D59A4174F}.Release|Any CPU.ActiveCfg = Release|Any CPU
		{E0C0AE2F-B4CD-4516-B3D2-A44D59A4174F}.Release|Any CPU.Build.0 = Release|Any CPU
		{079A69E9-D76D-400E-A9C9-7BE6A476AD71}.Debug|Any CPU.ActiveCfg = Debug|Any CPU
		{079A69E9-D76D-400E-A9C9-7BE6A476AD71}.Debug|Any CPU.Build.0 = Debug|Any CPU
		{079A69E9-D76D-400E-A9C9-7BE6A476AD71}.Release|Any CPU.ActiveCfg = Release|Any CPU
		{079A69E9-D76D-400E-A9C9-7BE6A476AD71}.Release|Any CPU.Build.0 = Release|Any CPU
		{5BA6908D-017A-4BB2-BD86-20A7277F39DA}.Debug|Any CPU.ActiveCfg = Debug|Any CPU
		{5BA6908D-017A-4BB2-BD86-20A7277F39DA}.Debug|Any CPU.Build.0 = Debug|Any CPU
		{5BA6908D-017A-4BB2-BD86-20A7277F39DA}.Release|Any CPU.ActiveCfg = Release|Any CPU
		{5BA6908D-017A-4BB2-BD86-20A7277F39DA}.Release|Any CPU.Build.0 = Release|Any CPU
		{2D6F034F-ED32-446E-A8F7-8201BA73F32B}.Debug|Any CPU.ActiveCfg = Debug|Any CPU
		{2D6F034F-ED32-446E-A8F7-8201BA73F32B}.Debug|Any CPU.Build.0 = Debug|Any CPU
		{2D6F034F-ED32-446E-A8F7-8201BA73F32B}.Release|Any CPU.ActiveCfg = Release|Any CPU
		{2D6F034F-ED32-446E-A8F7-8201BA73F32B}.Release|Any CPU.Build.0 = Release|Any CPU
		{DF63576C-6802-4350-8839-84743F16EE05}.Debug|Any CPU.ActiveCfg = Debug|Any CPU
		{DF63576C-6802-4350-8839-84743F16EE05}.Debug|Any CPU.Build.0 = Debug|Any CPU
		{DF63576C-6802-4350-8839-84743F16EE05}.Release|Any CPU.ActiveCfg = Release|Any CPU
		{DF63576C-6802-4350-8839-84743F16EE05}.Release|Any CPU.Build.0 = Release|Any CPU
		{2B943C50-FE80-4238-AD40-6A1179C15C92}.Debug|Any CPU.ActiveCfg = Debug|Any CPU
		{2B943C50-FE80-4238-AD40-6A1179C15C92}.Debug|Any CPU.Build.0 = Debug|Any CPU
		{2B943C50-FE80-4238-AD40-6A1179C15C92}.Release|Any CPU.ActiveCfg = Release|Any CPU
		{2B943C50-FE80-4238-AD40-6A1179C15C92}.Release|Any CPU.Build.0 = Release|Any CPU
		{D7B49D0E-34A3-40FF-B41B-BB3F99918B5B}.Debug|Any CPU.ActiveCfg = Debug|Any CPU
		{D7B49D0E-34A3-40FF-B41B-BB3F99918B5B}.Debug|Any CPU.Build.0 = Debug|Any CPU
		{D7B49D0E-34A3-40FF-B41B-BB3F99918B5B}.Release|Any CPU.ActiveCfg = Release|Any CPU
		{D7B49D0E-34A3-40FF-B41B-BB3F99918B5B}.Release|Any CPU.Build.0 = Release|Any CPU
		{B5B767A4-C036-43BD-96FF-E96D0AFA2D88}.Debug|Any CPU.ActiveCfg = Debug|Any CPU
		{B5B767A4-C036-43BD-96FF-E96D0AFA2D88}.Debug|Any CPU.Build.0 = Debug|Any CPU
		{B5B767A4-C036-43BD-96FF-E96D0AFA2D88}.Release|Any CPU.ActiveCfg = Release|Any CPU
		{B5B767A4-C036-43BD-96FF-E96D0AFA2D88}.Release|Any CPU.Build.0 = Release|Any CPU
		{EAF17B24-0FEA-4B61-9F64-F983018CA601}.Debug|Any CPU.ActiveCfg = Debug|Any CPU
		{EAF17B24-0FEA-4B61-9F64-F983018CA601}.Debug|Any CPU.Build.0 = Debug|Any CPU
		{EAF17B24-0FEA-4B61-9F64-F983018CA601}.Release|Any CPU.ActiveCfg = Release|Any CPU
		{EAF17B24-0FEA-4B61-9F64-F983018CA601}.Release|Any CPU.Build.0 = Release|Any CPU
		{1ADB6F44-426E-499D-9CAA-DDAD2DC0CAC6}.Debug|Any CPU.ActiveCfg = Debug|Any CPU
		{1ADB6F44-426E-499D-9CAA-DDAD2DC0CAC6}.Debug|Any CPU.Build.0 = Debug|Any CPU
		{1ADB6F44-426E-499D-9CAA-DDAD2DC0CAC6}.Release|Any CPU.ActiveCfg = Release|Any CPU
		{1ADB6F44-426E-499D-9CAA-DDAD2DC0CAC6}.Release|Any CPU.Build.0 = Release|Any CPU
	EndGlobalSection
	GlobalSection(SolutionProperties) = preSolution
		HideSolutionNode = FALSE
	EndGlobalSection
	GlobalSection(ExtensibilityGlobals) = postSolution
		SolutionGuid = {74CFB7C0-6D96-4BA7-856F-5153169EF4DE}
	EndGlobalSection
EndGlobal
