
Microsoft Visual Studio Solution File, Format Version 12.00
# Visual Studio Version 16
VisualStudioVersion = 16.0.30011.22
MinimumVisualStudioVersion = 10.0.40219.1
Project("{9A19103F-16F7-4668-BE54-9A1E7A4F7556}") = "Ch03Ex01", "Ch03Ex01\Ch03Ex01.csproj", "{2275B10C-68F6-4226-84F5-F62A8AC69FBA}"
EndProject
Project("{9A19103F-16F7-4668-BE54-9A1E7A4F7556}") = "Ch03Ex02", "Ch03Ex02\Ch03Ex02.csproj", "{005ACEC3-A7FB-42A4-B785-F97A13571237}"
EndProject
Project("{9A19103F-16F7-4668-BE54-9A1E7A4F7556}") = "Exer3.4", "Exer3.4\Exer3.4.csproj", "{3E2DA352-F490-4CF8-B431-74D219DDCAFA}"
EndProject
Project("{9A19103F-16F7-4668-BE54-9A1E7A4F7556}") = "Exer3.5", "Exer3.5\Exer3.5.csproj", "{0C2CC325-62DD-4FDA-A011-DFE85D0120F0}"
EndProject
Project("{9A19103F-16F7-4668-BE54-9A1E7A4F7556}") = "Ch04Ex01", "Ch04Ex01\Ch04Ex01.csproj", "{4B617B7A-49D2-42DA-8E66-D9DACCCDAEF7}"
EndProject
Project("{9A19103F-16F7-4668-BE54-9A1E7A4F7556}") = "Ch04Ex02", "Ch04Ex02\Ch04Ex02.csproj", "{B3C6C377-57F6-4F0A-9319-52C9529C6203}"
EndProject
Project("{9A19103F-16F7-4668-BE54-9A1E7A4F7556}") = "Ch04Ex03", "Ch04Ex03\Ch04Ex03.csproj", "{BD003EAF-D46C-4380-90D7-0489F16E0EAB}"
EndProject
Project("{9A19103F-16F7-4668-BE54-9A1E7A4F7556}") = "Ch04Ex04", "Ch04Ex04\Ch04Ex04.csproj", "{0FAEA8BE-E3C7-4B6F-88A9-108933C50677}"
EndProject
Project("{9A19103F-16F7-4668-BE54-9A1E7A4F7556}") = "Ch04Ex05", "Ch04Ex05\Ch04Ex05.csproj", "{86C23BF8-514B-4DF7-A3EA-1B4A56A96294}"
EndProject
Project("{9A19103F-16F7-4668-BE54-9A1E7A4F7556}") = "Exer4.1", "Exer4.1\Exer4.1.csproj", "{91C4D60F-95B0-4F07-92FC-BC0ABD28CEA0}"
EndProject
Project("{9A19103F-16F7-4668-BE54-9A1E7A4F7556}") = "Exer4.2", "Exer4.2\Exer4.2.csproj", "{7C32B3D5-3C94-4565-98F8-960E3B3C48BD}"
EndProject
Project("{FAE04EC0-301F-11D3-BF4B-00C04F79EFBC}") = "Ch05Ex01", "Ch05Ex01\Ch05Ex01.csproj", "{BF35B4D2-0B6A-4C16-AC8F-99E28E6C3EA8}"
EndProject
Global
	GlobalSection(SolutionConfigurationPlatforms) = preSolution
		Debug|Any CPU = Debug|Any CPU
		Release|Any CPU = Release|Any CPU
	EndGlobalSection
	GlobalSection(ProjectConfigurationPlatforms) = postSolution
		{2275B10C-68F6-4226-84F5-F62A8AC69FBA}.Debug|Any CPU.ActiveCfg = Debug|Any CPU
		{2275B10C-68F6-4226-84F5-F62A8AC69FBA}.Debug|Any CPU.Build.0 = Debug|Any CPU
		{2275B10C-68F6-4226-84F5-F62A8AC69FBA}.Release|Any CPU.ActiveCfg = Release|Any CPU
		{2275B10C-68F6-4226-84F5-F62A8AC69FBA}.Release|Any CPU.Build.0 = Release|Any CPU
		{005ACEC3-A7FB-42A4-B785-F97A13571237}.Debug|Any CPU.ActiveCfg = Debug|Any CPU
		{005ACEC3-A7FB-42A4-B785-F97A13571237}.Debug|Any CPU.Build.0 = Debug|Any CPU
		{005ACEC3-A7FB-42A4-B785-F97A13571237}.Release|Any CPU.ActiveCfg = Release|Any CPU
		{005ACEC3-A7FB-42A4-B785-F97A13571237}.Release|Any CPU.Build.0 = Release|Any CPU
		{3E2DA352-F490-4CF8-B431-74D219DDCAFA}.Debug|Any CPU.ActiveCfg = Debug|Any CPU
		{3E2DA352-F490-4CF8-B431-74D219DDCAFA}.Debug|Any CPU.Build.0 = Debug|Any CPU
		{3E2DA352-F490-4CF8-B431-74D219DDCAFA}.Release|Any CPU.ActiveCfg = Release|Any CPU
		{3E2DA352-F490-4CF8-B431-74D219DDCAFA}.Release|Any CPU.Build.0 = Release|Any CPU
		{0C2CC325-62DD-4FDA-A011-DFE85D0120F0}.Debug|Any CPU.ActiveCfg = Debug|Any CPU
		{0C2CC325-62DD-4FDA-A011-DFE85D0120F0}.Debug|Any CPU.Build.0 = Debug|Any CPU
		{0C2CC325-62DD-4FDA-A011-DFE85D0120F0}.Release|Any CPU.ActiveCfg = Release|Any CPU
		{0C2CC325-62DD-4FDA-A011-DFE85D0120F0}.Release|Any CPU.Build.0 = Release|Any CPU
		{4B617B7A-49D2-42DA-8E66-D9DACCCDAEF7}.Debug|Any CPU.ActiveCfg = Debug|Any CPU
		{4B617B7A-49D2-42DA-8E66-D9DACCCDAEF7}.Debug|Any CPU.Build.0 = Debug|Any CPU
		{4B617B7A-49D2-42DA-8E66-D9DACCCDAEF7}.Release|Any CPU.ActiveCfg = Release|Any CPU
		{4B617B7A-49D2-42DA-8E66-D9DACCCDAEF7}.Release|Any CPU.Build.0 = Release|Any CPU
		{B3C6C377-57F6-4F0A-9319-52C9529C6203}.Debug|Any CPU.ActiveCfg = Debug|Any CPU
		{B3C6C377-57F6-4F0A-9319-52C9529C6203}.Debug|Any CPU.Build.0 = Debug|Any CPU
		{B3C6C377-57F6-4F0A-9319-52C9529C6203}.Release|Any CPU.ActiveCfg = Release|Any CPU
		{B3C6C377-57F6-4F0A-9319-52C9529C6203}.Release|Any CPU.Build.0 = Release|Any CPU
		{BD003EAF-D46C-4380-90D7-0489F16E0EAB}.Debug|Any CPU.ActiveCfg = Debug|Any CPU
		{BD003EAF-D46C-4380-90D7-0489F16E0EAB}.Debug|Any CPU.Build.0 = Debug|Any CPU
		{BD003EAF-D46C-4380-90D7-0489F16E0EAB}.Release|Any CPU.ActiveCfg = Release|Any CPU
		{BD003EAF-D46C-4380-90D7-0489F16E0EAB}.Release|Any CPU.Build.0 = Release|Any CPU
		{0FAEA8BE-E3C7-4B6F-88A9-108933C50677}.Debug|Any CPU.ActiveCfg = Debug|Any CPU
		{0FAEA8BE-E3C7-4B6F-88A9-108933C50677}.Debug|Any CPU.Build.0 = Debug|Any CPU
		{0FAEA8BE-E3C7-4B6F-88A9-108933C50677}.Release|Any CPU.ActiveCfg = Release|Any CPU
		{0FAEA8BE-E3C7-4B6F-88A9-108933C50677}.Release|Any CPU.Build.0 = Release|Any CPU
		{86C23BF8-514B-4DF7-A3EA-1B4A56A96294}.Debug|Any CPU.ActiveCfg = Debug|Any CPU
		{86C23BF8-514B-4DF7-A3EA-1B4A56A96294}.Debug|Any CPU.Build.0 = Debug|Any CPU
		{86C23BF8-514B-4DF7-A3EA-1B4A56A96294}.Release|Any CPU.ActiveCfg = Release|Any CPU
		{86C23BF8-514B-4DF7-A3EA-1B4A56A96294}.Release|Any CPU.Build.0 = Release|Any CPU
		{91C4D60F-95B0-4F07-92FC-BC0ABD28CEA0}.Debug|Any CPU.ActiveCfg = Debug|Any CPU
		{91C4D60F-95B0-4F07-92FC-BC0ABD28CEA0}.Debug|Any CPU.Build.0 = Debug|Any CPU
		{91C4D60F-95B0-4F07-92FC-BC0ABD28CEA0}.Release|Any CPU.ActiveCfg = Release|Any CPU
		{91C4D60F-95B0-4F07-92FC-BC0ABD28CEA0}.Release|Any CPU.Build.0 = Release|Any CPU
		{7C32B3D5-3C94-4565-98F8-960E3B3C48BD}.Debug|Any CPU.ActiveCfg = Debug|Any CPU
		{7C32B3D5-3C94-4565-98F8-960E3B3C48BD}.Debug|Any CPU.Build.0 = Debug|Any CPU
		{7C32B3D5-3C94-4565-98F8-960E3B3C48BD}.Release|Any CPU.ActiveCfg = Release|Any CPU
		{7C32B3D5-3C94-4565-98F8-960E3B3C48BD}.Release|Any CPU.Build.0 = Release|Any CPU
		{BF35B4D2-0B6A-4C16-AC8F-99E28E6C3EA8}.Debug|Any CPU.ActiveCfg = Debug|Any CPU
		{BF35B4D2-0B6A-4C16-AC8F-99E28E6C3EA8}.Debug|Any CPU.Build.0 = Debug|Any CPU
		{BF35B4D2-0B6A-4C16-AC8F-99E28E6C3EA8}.Release|Any CPU.ActiveCfg = Release|Any CPU
		{BF35B4D2-0B6A-4C16-AC8F-99E28E6C3EA8}.Release|Any CPU.Build.0 = Release|Any CPU
	EndGlobalSection
	GlobalSection(SolutionProperties) = preSolution
		HideSolutionNode = FALSE
	EndGlobalSection
	GlobalSection(ExtensibilityGlobals) = postSolution
		SolutionGuid = {74CFB7C0-6D96-4BA7-856F-5153169EF4DE}
	EndGlobalSection
EndGlobal
